
Microsoft Visual Studio Solution File, Format Version 12.00
# Visual Studio Version 16
VisualStudioVersion = 16.0.31624.102
MinimumVisualStudioVersion = 10.0.40219.1
Project("{FAE04EC0-301F-11D3-BF4B-00C04F79EFBC}") = "TMS.Ex9", "TMS.Ex9\TMS.Ex9.csproj", "{A6549FBA-6851-48E1-B9D8-D07382742177}"
EndProject
Project("{FAE04EC0-301F-11D3-BF4B-00C04F79EFBC}") = "ClassLibrary1", "ClassLibrary1\ClassLibrary1.csproj", "{175917D1-BC45-4456-9821-05E91A4668C2}"
EndProject
Global
	GlobalSection(SolutionConfigurationPlatforms) = preSolution
		Debug|Any CPU = Debug|Any CPU
		Release|Any CPU = Release|Any CPU
	EndGlobalSection
	GlobalSection(ProjectConfigurationPlatforms) = postSolution
		{A6549FBA-6851-48E1-B9D8-D07382742177}.Debug|Any CPU.ActiveCfg = Debug|Any CPU
		{A6549FBA-6851-48E1-B9D8-D07382742177}.Debug|Any CPU.Build.0 = Debug|Any CPU
		{A6549FBA-6851-48E1-B9D8-D07382742177}.Release|Any CPU.ActiveCfg = Release|Any CPU
		{A6549FBA-6851-48E1-B9D8-D07382742177}.Release|Any CPU.Build.0 = Release|Any CPU
		{175917D1-BC45-4456-9821-05E91A4668C2}.Debug|Any CPU.ActiveCfg = Debug|Any CPU
		{175917D1-BC45-4456-9821-05E91A4668C2}.Debug|Any CPU.Build.0 = Debug|Any CPU
		{175917D1-BC45-4456-9821-05E91A4668C2}.Release|Any CPU.ActiveCfg = Release|Any CPU
		{175917D1-BC45-4456-9821-05E91A4668C2}.Release|Any CPU.Build.0 = Release|Any CPU
	EndGlobalSection
	GlobalSection(SolutionProperties) = preSolution
		HideSolutionNode = FALSE
	EndGlobalSection
	GlobalSection(ExtensibilityGlobals) = postSolution
		SolutionGuid = {70242A9F-3F1D-4F41-88AF-22AEC85DA732}
	EndGlobalSection
EndGlobal
